
Microsoft Visual Studio Solution File, Format Version 12.00
# Visual Studio Version 17
VisualStudioVersion = 17.0.31903.59
MinimumVisualStudioVersion = 10.0.40219.1
Project("{FAE04EC0-301F-11D3-BF4B-00C04F79EFBC}") = "CandidateTracker.Web", "CandidateTracker.Web\CandidateTracker.Web.csproj", "{42F3ACD8-AB9F-4AEB-AA2E-DF208D3D9573}"
EndProject
Project("{FAE04EC0-301F-11D3-BF4B-00C04F79EFBC}") = "CandidateTracker.Data", "CandidateTracker.Data\CandidateTracker.Data.csproj", "{7FD0CD36-EF83-43E2-9165-B7A3D6DE2DF3}"
EndProject
Global
	GlobalSection(SolutionConfigurationPlatforms) = preSolution
		Debug|Any CPU = Debug|Any CPU
		Release|Any CPU = Release|Any CPU
	EndGlobalSection
	GlobalSection(SolutionProperties) = preSolution
		HideSolutionNode = FALSE
	EndGlobalSection
	GlobalSection(ProjectConfigurationPlatforms) = postSolution
		{42F3ACD8-AB9F-4AEB-AA2E-DF208D3D9573}.Debug|Any CPU.ActiveCfg = Debug|Any CPU
		{42F3ACD8-AB9F-4AEB-AA2E-DF208D3D9573}.Debug|Any CPU.Build.0 = Debug|Any CPU
		{42F3ACD8-AB9F-4AEB-AA2E-DF208D3D9573}.Release|Any CPU.ActiveCfg = Release|Any CPU
		{42F3ACD8-AB9F-4AEB-AA2E-DF208D3D9573}.Release|Any CPU.Build.0 = Release|Any CPU
		{7FD0CD36-EF83-43E2-9165-B7A3D6DE2DF3}.Debug|Any CPU.ActiveCfg = Debug|Any CPU
		{7FD0CD36-EF83-43E2-9165-B7A3D6DE2DF3}.Debug|Any CPU.Build.0 = Debug|Any CPU
		{7FD0CD36-EF83-43E2-9165-B7A3D6DE2DF3}.Release|Any CPU.ActiveCfg = Release|Any CPU
		{7FD0CD36-EF83-43E2-9165-B7A3D6DE2DF3}.Release|Any CPU.Build.0 = Release|Any CPU
	EndGlobalSection
EndGlobal
